{"pid":30036,"workspaceFolders":["c:\\Users\\charles30\\Scripts","c:\\Users\\charles30\\OneDrive - Forest City Trading Group\\Documents\\WindowsPowerShell","c:\\Users\\charles30\\Vault\\Obsidian Vault","c:\\Users\\charles30\\OneDrive - Forest City Trading Group\\Documents\\PowerShell"],"ideName":"Visual Studio Code","transport":"ws","runningInWindows":true,"authToken":"97aab3d8-beb4-4068-b1b2-dd366f441349"}