{"pid":25644,"workspaceFolders":["c:\\Users\\charles30\\Scripts","c:\\Users\\charles30\\OneDrive - Forest City Trading Group\\Documents\\WindowsPowerShell","c:\\Users\\charles30\\Vault\\Obsidian Vault","c:\\Users\\charles30\\OneDrive - Forest City Trading Group\\Documents\\PowerShell","c:\\Users\\charles30\\AI"],"ideName":"Visual Studio Code","transport":"ws","runningInWindows":true,"authToken":"0752c98c-e131-48f1-bfd3-c26725cef8fa"}