{"pid":27520,"workspaceFolders":["c:\\Users\\charles30\\Scripts","c:\\Users\\charles30\\OneDrive - Forest City Trading Group\\Documents\\WindowsPowerShell","c:\\Users\\charles30\\Vault\\Obsidian Vault","c:\\Users\\charles30\\OneDrive - Forest City Trading Group\\Documents\\PowerShell"],"ideName":"Visual Studio Code","transport":"ws","runningInWindows":true,"authToken":"bad35979-6cf3-4095-b539-a52b5d9b74f1"}