{"pid":23724,"workspaceFolders":["c:\\Users\\charles30\\Scripts","c:\\Users\\charles30\\OneDrive - Forest City Trading Group\\Documents\\WindowsPowerShell","c:\\Users\\charles30\\Vault\\Obsidian Vault","c:\\Users\\charles30\\OneDrive - Forest City Trading Group\\Documents\\PowerShell"],"ideName":"Visual Studio Code","transport":"ws","runningInWindows":true,"authToken":"f0a43b65-80a6-4b02-a506-1a1f3435a981"}