{"pid":31916,"workspaceFolders":["c:\\Users\\charles30\\Scripts","c:\\Users\\charles30\\OneDrive - Forest City Trading Group\\Documents\\WindowsPowerShell","c:\\Users\\charles30\\Vault\\Obsidian Vault","c:\\Users\\charles30\\OneDrive - Forest City Trading Group\\Documents\\PowerShell"],"ideName":"Visual Studio Code","transport":"ws","runningInWindows":true,"authToken":"88ca7581-9b81-4efb-b63a-6ff20e62a4c2"}