{"pid":23396,"workspaceFolders":["c:\\Users\\charles30\\Scripts","c:\\Users\\charles30\\OneDrive - Forest City Trading Group\\Documents\\WindowsPowerShell","c:\\Users\\charles30\\Vault\\Obsidian Vault","c:\\Users\\charles30\\OneDrive - Forest City Trading Group\\Documents\\PowerShell"],"ideName":"Visual Studio Code","transport":"ws","runningInWindows":true,"authToken":"2ae5de75-2bae-47be-afab-ee23aacf7814"}